<?xml version="1.0" encoding="utf-8"?>
<Project ToolsVersion="4.0" xmlns="http://schemas.microsoft.com/developer/msbuild/2003">
  <ItemGroup>
    <Filter Include="Source Files">
      <UniqueIdentifier>{fce6bf1e-8f84-4a63-bc28-6493a82f611f}</UniqueIdentifier>
      <Extensions>cpp;c;cxx;def;odl;idl;hpj;bat;asm</Extensions>
    </Filter>
    <Filter Include="Header Files">
      <UniqueIdentifier>{f2ca1f92-11cf-4c6c-be47-06f1f303f4c5}</UniqueIdentifier>
      <Extensions>h;hpp;hxx;hm;inl;inc</Extensions>
    </Filter>
    <Filter Include="Resource Files">
      <UniqueIdentifier>{9f2f2a37-ee04-4c6d-af15-7d4edfe21dbc}</UniqueIdentifier>
      <Extensions>rc;ico;cur;bmp;dlg;rc2;rct;bin;rgs;jpg;jpeg;jpe;manifest</Extensions>
    </Filter>
    <Filter Include="SoUI Resource">
      <UniqueIdentifier>{428a4efc-5dc4-4b9d-9bb0-028c2140ffa6}</UniqueIdentifier>
      <Extensions>idx;xml;png;gif;jpg;ico;lua;bmp</Extensions>
    </Filter>
  </ItemGroup>
  <ItemGroup>
    <None Include="license.txt" />
    <None Include="readme.txt" />
    <None Include="res\soui_res.rc2">
      <Filter>Resource Files</Filter>
    </None>
    <None Include="uires\uidef\init.xml">
      <Filter>SoUI Resource</Filter>
    </None>
    <None Include="uires\values\color.xml">
      <Filter>SoUI Resource</Filter>
    </None>
    <None Include="uires\values\skin.xml">
      <Filter>SoUI Resource</Filter>
    </None>
    <None Include="uires\values\string.xml">
      <Filter>SoUI Resource</Filter>
    </None>
    <None Include="uires\xml\dlg_main.xml">
      <Filter>SoUI Resource</Filter>
    </None>
    <None Include="uires\image\soui.ico">
      <Filter>SoUI Resource</Filter>
    </None>
    <None Include="uires\xml\menu_tray.xml">
      <Filter>SoUI Resource</Filter>
    </None>
    <None Include="uires\image\traymenu_icons.png">
      <Filter>SoUI Resource</Filter>
    </None>
    <None Include="uires\xml\dlgBL.xml">
      <Filter>SoUI Resource</Filter>
    </None>
    <None Include="uires\xml\dlgBR.xml">
      <Filter>SoUI Resource</Filter>
    </None>
    <None Include="uires\xml\dlgTL.xml">
      <Filter>SoUI Resource</Filter>
    </None>
    <None Include="uires\xml\dlgTR.xml">
      <Filter>SoUI Resource</Filter>
    </None>
    <None Include="uires\xml\menu_template.xml">
      <Filter>SoUI Resource</Filter>
    </None>
  </ItemGroup>
  <ItemGroup>
    <ClCompile Include="soui_demo.cpp">
      <Filter>Source Files</Filter>
    </ClCompile>
    <ClCompile Include="MainDlg.cpp">
      <Filter>Source Files</Filter>
    </ClCompile>
    <ClCompile Include="stdafx.cpp">
      <Filter>Source Files</Filter>
    </ClCompile>
    <ClCompile Include="trayicon\SShellNotifyIcon.cpp">
      <Filter>Source Files</Filter>
    </ClCompile>
    <ClCompile Include="trayicon\SShellNofityHwnd2.cpp">
      <Filter>Source Files</Filter>
    </ClCompile>
    <ClCompile Include="DialogTopLeft.cpp">
      <Filter>Source Files</Filter>
    </ClCompile>
    <ClCompile Include="DialogBottomLeft.cpp">
      <Filter>Source Files</Filter>
    </ClCompile>
    <ClCompile Include="DialogBottomRight.cpp">
      <Filter>Source Files</Filter>
    </ClCompile>
    <ClCompile Include="DialogTopRight.cpp">
      <Filter>Source Files</Filter>
    </ClCompile>
    <ClCompile Include="MenuWrapper.cpp">
      <Filter>Source Files</Filter>
    </ClCompile>
  </ItemGroup>
  <ItemGroup>
    <ResourceCompile Include="soui_demo.rc">
      <Filter>Resource Files</Filter>
    </ResourceCompile>
  </ItemGroup>
  <ItemGroup>
    <ClInclude Include="MainDlg.h">
      <Filter>Header Files</Filter>
    </ClInclude>
    <ClInclude Include="resource.h">
      <Filter>Header Files</Filter>
    </ClInclude>
    <ClInclude Include="stdafx.h">
      <Filter>Header Files</Filter>
    </ClInclude>
    <ClInclude Include="trayicon\SShellNotifyIcon.h">
      <Filter>Header Files</Filter>
    </ClInclude>
    <ClInclude Include="trayicon\SShellNofityHwnd2.h">
      <Filter>Header Files</Filter>
    </ClInclude>
    <ClInclude Include="DialogTopLeft.h">
      <Filter>Header Files</Filter>
    </ClInclude>
    <ClInclude Include="DialogBottomLeft.h">
      <Filter>Header Files</Filter>
    </ClInclude>
    <ClInclude Include="DialogBottomRight.h">
      <Filter>Header Files</Filter>
    </ClInclude>
    <ClInclude Include="DialogTopRight.h">
      <Filter>Header Files</Filter>
    </ClInclude>
    <ClInclude Include="IDialogCallBack.h">
      <Filter>Header Files</Filter>
    </ClInclude>
    <ClInclude Include="MenuWrapper.h">
      <Filter>Header Files</Filter>
    </ClInclude>
  </ItemGroup>
  <ItemGroup>
    <CustomBuild Include="uires\uires.idx">
      <Filter>SoUI Resource</Filter>
    </CustomBuild>
  </ItemGroup>
</Project>